
Microsoft Visual Studio Solution File, Format Version 12.00
# Visual Studio 2013
VisualStudioVersion = 12.0.31101.0
MinimumVisualStudioVersion = 10.0.40219.1
Project("{FAE04EC0-301F-11D3-BF4B-00C04F79EFBC}") = "ListOfProducts", "ListOfProducts\ListOfProducts\ListOfProducts.csproj", "{71AE9773-2A44-4519-938B-797FB75FD54B}"
EndProject
Project("{FAE04EC0-301F-11D3-BF4B-00C04F79EFBC}") = "ListOfProducts.iOS", "ListOfProducts\ListOfProducts.iOS\ListOfProducts.iOS.csproj", "{4C4DBA51-8CDB-4462-AF73-C9A54165E34D}"
EndProject
Project("{FAE04EC0-301F-11D3-BF4B-00C04F79EFBC}") = "ListOfProducts.Droid", "ListOfProducts\ListOfProducts.Droid\ListOfProducts.Droid.csproj", "{7DB3DE94-EABE-468C-AA51-C12A20FDDD7E}"
EndProject
Project("{FAE04EC0-301F-11D3-BF4B-00C04F79EFBC}") = "ListOfProducts.WinPhone", "ListOfProducts\ListOfProducts.WinPhone\ListOfProducts.WinPhone.csproj", "{4ED4D8DF-4E89-4634-820A-15094EB7CD83}"
EndProject
Global
	GlobalSection(SolutionConfigurationPlatforms) = preSolution
		Ad-Hoc|Any CPU = Ad-Hoc|Any CPU
		Ad-Hoc|ARM = Ad-Hoc|ARM
		Ad-Hoc|iPhone = Ad-Hoc|iPhone
		Ad-Hoc|iPhoneSimulator = Ad-Hoc|iPhoneSimulator
		Ad-Hoc|Mixed Platforms = Ad-Hoc|Mixed Platforms
		Ad-Hoc|x86 = Ad-Hoc|x86
		AppStore|Any CPU = AppStore|Any CPU
		AppStore|ARM = AppStore|ARM
		AppStore|iPhone = AppStore|iPhone
		AppStore|iPhoneSimulator = AppStore|iPhoneSimulator
		AppStore|Mixed Platforms = AppStore|Mixed Platforms
		AppStore|x86 = AppStore|x86
		Debug|Any CPU = Debug|Any CPU
		Debug|ARM = Debug|ARM
		Debug|iPhone = Debug|iPhone
		Debug|iPhoneSimulator = Debug|iPhoneSimulator
		Debug|Mixed Platforms = Debug|Mixed Platforms
		Debug|x86 = Debug|x86
		Release|Any CPU = Release|Any CPU
		Release|ARM = Release|ARM
		Release|iPhone = Release|iPhone
		Release|iPhoneSimulator = Release|iPhoneSimulator
		Release|Mixed Platforms = Release|Mixed Platforms
		Release|x86 = Release|x86
	EndGlobalSection
	GlobalSection(ProjectConfigurationPlatforms) = postSolution
		{71AE9773-2A44-4519-938B-797FB75FD54B}.Ad-Hoc|Any CPU.ActiveCfg = Release|Any CPU
		{71AE9773-2A44-4519-938B-797FB75FD54B}.Ad-Hoc|Any CPU.Build.0 = Release|Any CPU
		{71AE9773-2A44-4519-938B-797FB75FD54B}.Ad-Hoc|ARM.ActiveCfg = Release|Any CPU
		{71AE9773-2A44-4519-938B-797FB75FD54B}.Ad-Hoc|iPhone.ActiveCfg = Release|Any CPU
		{71AE9773-2A44-4519-938B-797FB75FD54B}.Ad-Hoc|iPhoneSimulator.ActiveCfg = Release|Any CPU
		{71AE9773-2A44-4519-938B-797FB75FD54B}.Ad-Hoc|Mixed Platforms.ActiveCfg = Release|Any CPU
		{71AE9773-2A44-4519-938B-797FB75FD54B}.Ad-Hoc|Mixed Platforms.Build.0 = Release|Any CPU
		{71AE9773-2A44-4519-938B-797FB75FD54B}.Ad-Hoc|x86.ActiveCfg = Release|Any CPU
		{71AE9773-2A44-4519-938B-797FB75FD54B}.AppStore|Any CPU.ActiveCfg = Release|Any CPU
		{71AE9773-2A44-4519-938B-797FB75FD54B}.AppStore|Any CPU.Build.0 = Release|Any CPU
		{71AE9773-2A44-4519-938B-797FB75FD54B}.AppStore|ARM.ActiveCfg = Release|Any CPU
		{71AE9773-2A44-4519-938B-797FB75FD54B}.AppStore|iPhone.ActiveCfg = Release|Any CPU
		{71AE9773-2A44-4519-938B-797FB75FD54B}.AppStore|iPhoneSimulator.ActiveCfg = Release|Any CPU
		{71AE9773-2A44-4519-938B-797FB75FD54B}.AppStore|Mixed Platforms.ActiveCfg = Release|Any CPU
		{71AE9773-2A44-4519-938B-797FB75FD54B}.AppStore|Mixed Platforms.Build.0 = Release|Any CPU
		{71AE9773-2A44-4519-938B-797FB75FD54B}.AppStore|x86.ActiveCfg = Release|Any CPU
		{71AE9773-2A44-4519-938B-797FB75FD54B}.Debug|Any CPU.ActiveCfg = Debug|Any CPU
		{71AE9773-2A44-4519-938B-797FB75FD54B}.Debug|Any CPU.Build.0 = Debug|Any CPU
		{71AE9773-2A44-4519-938B-797FB75FD54B}.Debug|ARM.ActiveCfg = Debug|Any CPU
		{71AE9773-2A44-4519-938B-797FB75FD54B}.Debug|iPhone.ActiveCfg = Debug|Any CPU
		{71AE9773-2A44-4519-938B-797FB75FD54B}.Debug|iPhoneSimulator.ActiveCfg = Debug|Any CPU
		{71AE9773-2A44-4519-938B-797FB75FD54B}.Debug|Mixed Platforms.ActiveCfg = Debug|Any CPU
		{71AE9773-2A44-4519-938B-797FB75FD54B}.Debug|Mixed Platforms.Build.0 = Debug|Any CPU
		{71AE9773-2A44-4519-938B-797FB75FD54B}.Debug|x86.ActiveCfg = Debug|Any CPU
		{71AE9773-2A44-4519-938B-797FB75FD54B}.Release|Any CPU.ActiveCfg = Release|Any CPU
		{71AE9773-2A44-4519-938B-797FB75FD54B}.Release|Any CPU.Build.0 = Release|Any CPU
		{71AE9773-2A44-4519-938B-797FB75FD54B}.Release|ARM.ActiveCfg = Release|Any CPU
		{71AE9773-2A44-4519-938B-797FB75FD54B}.Release|iPhone.ActiveCfg = Release|Any CPU
		{71AE9773-2A44-4519-938B-797FB75FD54B}.Release|iPhoneSimulator.ActiveCfg = Release|Any CPU
		{71AE9773-2A44-4519-938B-797FB75FD54B}.Release|Mixed Platforms.ActiveCfg = Release|Any CPU
		{71AE9773-2A44-4519-938B-797FB75FD54B}.Release|Mixed Platforms.Build.0 = Release|Any CPU
		{71AE9773-2A44-4519-938B-797FB75FD54B}.Release|x86.ActiveCfg = Release|Any CPU
		{4C4DBA51-8CDB-4462-AF73-C9A54165E34D}.Ad-Hoc|Any CPU.ActiveCfg = Ad-Hoc|iPhone
		{4C4DBA51-8CDB-4462-AF73-C9A54165E34D}.Ad-Hoc|ARM.ActiveCfg = Ad-Hoc|iPhone
		{4C4DBA51-8CDB-4462-AF73-C9A54165E34D}.Ad-Hoc|iPhone.ActiveCfg = Ad-Hoc|iPhone
		{4C4DBA51-8CDB-4462-AF73-C9A54165E34D}.Ad-Hoc|iPhone.Build.0 = Ad-Hoc|iPhone
		{4C4DBA51-8CDB-4462-AF73-C9A54165E34D}.Ad-Hoc|iPhoneSimulator.ActiveCfg = Ad-Hoc|iPhoneSimulator
		{4C4DBA51-8CDB-4462-AF73-C9A54165E34D}.Ad-Hoc|iPhoneSimulator.Build.0 = Ad-Hoc|iPhoneSimulator
		{4C4DBA51-8CDB-4462-AF73-C9A54165E34D}.Ad-Hoc|Mixed Platforms.ActiveCfg = Ad-Hoc|iPhone
		{4C4DBA51-8CDB-4462-AF73-C9A54165E34D}.Ad-Hoc|Mixed Platforms.Build.0 = Ad-Hoc|iPhone
		{4C4DBA51-8CDB-4462-AF73-C9A54165E34D}.Ad-Hoc|x86.ActiveCfg = Ad-Hoc|iPhone
		{4C4DBA51-8CDB-4462-AF73-C9A54165E34D}.AppStore|Any CPU.ActiveCfg = AppStore|iPhone
		{4C4DBA51-8CDB-4462-AF73-C9A54165E34D}.AppStore|ARM.ActiveCfg = AppStore|iPhone
		{4C4DBA51-8CDB-4462-AF73-C9A54165E34D}.AppStore|iPhone.ActiveCfg = AppStore|iPhone
		{4C4DBA51-8CDB-4462-AF73-C9A54165E34D}.AppStore|iPhone.Build.0 = AppStore|iPhone
		{4C4DBA51-8CDB-4462-AF73-C9A54165E34D}.AppStore|iPhoneSimulator.ActiveCfg = AppStore|iPhoneSimulator
		{4C4DBA51-8CDB-4462-AF73-C9A54165E34D}.AppStore|iPhoneSimulator.Build.0 = AppStore|iPhoneSimulator
		{4C4DBA51-8CDB-4462-AF73-C9A54165E34D}.AppStore|Mixed Platforms.ActiveCfg = AppStore|iPhone
		{4C4DBA51-8CDB-4462-AF73-C9A54165E34D}.AppStore|Mixed Platforms.Build.0 = AppStore|iPhone
		{4C4DBA51-8CDB-4462-AF73-C9A54165E34D}.AppStore|x86.ActiveCfg = AppStore|iPhone
		{4C4DBA51-8CDB-4462-AF73-C9A54165E34D}.Debug|Any CPU.ActiveCfg = Debug|iPhone
		{4C4DBA51-8CDB-4462-AF73-C9A54165E34D}.Debug|ARM.ActiveCfg = Debug|iPhone
		{4C4DBA51-8CDB-4462-AF73-C9A54165E34D}.Debug|iPhone.ActiveCfg = Debug|iPhone
		{4C4DBA51-8CDB-4462-AF73-C9A54165E34D}.Debug|iPhone.Build.0 = Debug|iPhone
		{4C4DBA51-8CDB-4462-AF73-C9A54165E34D}.Debug|iPhoneSimulator.ActiveCfg = Debug|iPhoneSimulator
		{4C4DBA51-8CDB-4462-AF73-C9A54165E34D}.Debug|iPhoneSimulator.Build.0 = Debug|iPhoneSimulator
		{4C4DBA51-8CDB-4462-AF73-C9A54165E34D}.Debug|Mixed Platforms.ActiveCfg = Debug|iPhone
		{4C4DBA51-8CDB-4462-AF73-C9A54165E34D}.Debug|Mixed Platforms.Build.0 = Debug|iPhone
		{4C4DBA51-8CDB-4462-AF73-C9A54165E34D}.Debug|x86.ActiveCfg = Debug|iPhone
		{4C4DBA51-8CDB-4462-AF73-C9A54165E34D}.Release|Any CPU.ActiveCfg = Release|iPhone
		{4C4DBA51-8CDB-4462-AF73-C9A54165E34D}.Release|ARM.ActiveCfg = Release|iPhone
		{4C4DBA51-8CDB-4462-AF73-C9A54165E34D}.Release|iPhone.ActiveCfg = Release|iPhone
		{4C4DBA51-8CDB-4462-AF73-C9A54165E34D}.Release|iPhone.Build.0 = Release|iPhone
		{4C4DBA51-8CDB-4462-AF73-C9A54165E34D}.Release|iPhoneSimulator.ActiveCfg = Release|iPhoneSimulator
		{4C4DBA51-8CDB-4462-AF73-C9A54165E34D}.Release|iPhoneSimulator.Build.0 = Release|iPhoneSimulator
		{4C4DBA51-8CDB-4462-AF73-C9A54165E34D}.Release|Mixed Platforms.ActiveCfg = Release|iPhone
		{4C4DBA51-8CDB-4462-AF73-C9A54165E34D}.Release|Mixed Platforms.Build.0 = Release|iPhone
		{4C4DBA51-8CDB-4462-AF73-C9A54165E34D}.Release|x86.ActiveCfg = Release|iPhone
		{7DB3DE94-EABE-468C-AA51-C12A20FDDD7E}.Ad-Hoc|Any CPU.ActiveCfg = Release|Any CPU
		{7DB3DE94-EABE-468C-AA51-C12A20FDDD7E}.Ad-Hoc|Any CPU.Build.0 = Release|Any CPU
		{7DB3DE94-EABE-468C-AA51-C12A20FDDD7E}.Ad-Hoc|Any CPU.Deploy.0 = Release|Any CPU
		{7DB3DE94-EABE-468C-AA51-C12A20FDDD7E}.Ad-Hoc|ARM.ActiveCfg = Release|Any CPU
		{7DB3DE94-EABE-468C-AA51-C12A20FDDD7E}.Ad-Hoc|iPhone.ActiveCfg = Release|Any CPU
		{7DB3DE94-EABE-468C-AA51-C12A20FDDD7E}.Ad-Hoc|iPhoneSimulator.ActiveCfg = Release|Any CPU
		{7DB3DE94-EABE-468C-AA51-C12A20FDDD7E}.Ad-Hoc|Mixed Platforms.ActiveCfg = Release|Any CPU
		{7DB3DE94-EABE-468C-AA51-C12A20FDDD7E}.Ad-Hoc|Mixed Platforms.Build.0 = Release|Any CPU
		{7DB3DE94-EABE-468C-AA51-C12A20FDDD7E}.Ad-Hoc|Mixed Platforms.Deploy.0 = Release|Any CPU
		{7DB3DE94-EABE-468C-AA51-C12A20FDDD7E}.Ad-Hoc|x86.ActiveCfg = Release|Any CPU
		{7DB3DE94-EABE-468C-AA51-C12A20FDDD7E}.AppStore|Any CPU.ActiveCfg = Release|Any CPU
		{7DB3DE94-EABE-468C-AA51-C12A20FDDD7E}.AppStore|Any CPU.Build.0 = Release|Any CPU
		{7DB3DE94-EABE-468C-AA51-C12A20FDDD7E}.AppStore|Any CPU.Deploy.0 = Release|Any CPU
		{7DB3DE94-EABE-468C-AA51-C12A20FDDD7E}.AppStore|ARM.ActiveCfg = Release|Any CPU
		{7DB3DE94-EABE-468C-AA51-C12A20FDDD7E}.AppStore|iPhone.ActiveCfg = Release|Any CPU
		{7DB3DE94-EABE-468C-AA51-C12A20FDDD7E}.AppStore|iPhoneSimulator.ActiveCfg = Release|Any CPU
		{7DB3DE94-EABE-468C-AA51-C12A20FDDD7E}.AppStore|Mixed Platforms.ActiveCfg = Release|Any CPU
		{7DB3DE94-EABE-468C-AA51-C12A20FDDD7E}.AppStore|Mixed Platforms.Build.0 = Release|Any CPU
		{7DB3DE94-EABE-468C-AA51-C12A20FDDD7E}.AppStore|Mixed Platforms.Deploy.0 = Release|Any CPU
		{7DB3DE94-EABE-468C-AA51-C12A20FDDD7E}.AppStore|x86.ActiveCfg = Release|Any CPU
		{7DB3DE94-EABE-468C-AA51-C12A20FDDD7E}.Debug|Any CPU.ActiveCfg = Debug|Any CPU
		{7DB3DE94-EABE-468C-AA51-C12A20FDDD7E}.Debug|Any CPU.Build.0 = Debug|Any CPU
		{7DB3DE94-EABE-468C-AA51-C12A20FDDD7E}.Debug|Any CPU.Deploy.0 = Debug|Any CPU
		{7DB3DE94-EABE-468C-AA51-C12A20FDDD7E}.Debug|ARM.ActiveCfg = Debug|Any CPU
		{7DB3DE94-EABE-468C-AA51-C12A20FDDD7E}.Debug|iPhone.ActiveCfg = Debug|Any CPU
		{7DB3DE94-EABE-468C-AA51-C12A20FDDD7E}.Debug|iPhoneSimulator.ActiveCfg = Debug|Any CPU
		{7DB3DE94-EABE-468C-AA51-C12A20FDDD7E}.Debug|Mixed Platforms.ActiveCfg = Debug|Any CPU
		{7DB3DE94-EABE-468C-AA51-C12A20FDDD7E}.Debug|Mixed Platforms.Build.0 = Debug|Any CPU
		{7DB3DE94-EABE-468C-AA51-C12A20FDDD7E}.Debug|Mixed Platforms.Deploy.0 = Debug|Any CPU
		{7DB3DE94-EABE-468C-AA51-C12A20FDDD7E}.Debug|x86.ActiveCfg = Debug|Any CPU
		{7DB3DE94-EABE-468C-AA51-C12A20FDDD7E}.Release|Any CPU.ActiveCfg = Release|Any CPU
		{7DB3DE94-EABE-468C-AA51-C12A20FDDD7E}.Release|Any CPU.Build.0 = Release|Any CPU
		{7DB3DE94-EABE-468C-AA51-C12A20FDDD7E}.Release|Any CPU.Deploy.0 = Release|Any CPU
		{7DB3DE94-EABE-468C-AA51-C12A20FDDD7E}.Release|ARM.ActiveCfg = Release|Any CPU
		{7DB3DE94-EABE-468C-AA51-C12A20FDDD7E}.Release|iPhone.ActiveCfg = Release|Any CPU
		{7DB3DE94-EABE-468C-AA51-C12A20FDDD7E}.Release|iPhoneSimulator.ActiveCfg = Release|Any CPU
		{7DB3DE94-EABE-468C-AA51-C12A20FDDD7E}.Release|Mixed Platforms.ActiveCfg = Release|Any CPU
		{7DB3DE94-EABE-468C-AA51-C12A20FDDD7E}.Release|Mixed Platforms.Build.0 = Release|Any CPU
		{7DB3DE94-EABE-468C-AA51-C12A20FDDD7E}.Release|Mixed Platforms.Deploy.0 = Release|Any CPU
		{7DB3DE94-EABE-468C-AA51-C12A20FDDD7E}.Release|x86.ActiveCfg = Release|Any CPU
		{4ED4D8DF-4E89-4634-820A-15094EB7CD83}.Ad-Hoc|Any CPU.ActiveCfg = Release|Any CPU
		{4ED4D8DF-4E89-4634-820A-15094EB7CD83}.Ad-Hoc|Any CPU.Build.0 = Release|Any CPU
		{4ED4D8DF-4E89-4634-820A-15094EB7CD83}.Ad-Hoc|Any CPU.Deploy.0 = Release|Any CPU
		{4ED4D8DF-4E89-4634-820A-15094EB7CD83}.Ad-Hoc|ARM.ActiveCfg = Release|ARM
		{4ED4D8DF-4E89-4634-820A-15094EB7CD83}.Ad-Hoc|ARM.Build.0 = Release|ARM
		{4ED4D8DF-4E89-4634-820A-15094EB7CD83}.Ad-Hoc|ARM.Deploy.0 = Release|ARM
		{4ED4D8DF-4E89-4634-820A-15094EB7CD83}.Ad-Hoc|iPhone.ActiveCfg = Release|Any CPU
		{4ED4D8DF-4E89-4634-820A-15094EB7CD83}.Ad-Hoc|iPhoneSimulator.ActiveCfg = Release|Any CPU
		{4ED4D8DF-4E89-4634-820A-15094EB7CD83}.Ad-Hoc|Mixed Platforms.ActiveCfg = Release|x86
		{4ED4D8DF-4E89-4634-820A-15094EB7CD83}.Ad-Hoc|Mixed Platforms.Build.0 = Release|x86
		{4ED4D8DF-4E89-4634-820A-15094EB7CD83}.Ad-Hoc|Mixed Platforms.Deploy.0 = Release|x86
		{4ED4D8DF-4E89-4634-820A-15094EB7CD83}.Ad-Hoc|x86.ActiveCfg = Release|x86
		{4ED4D8DF-4E89-4634-820A-15094EB7CD83}.Ad-Hoc|x86.Build.0 = Release|x86
		{4ED4D8DF-4E89-4634-820A-15094EB7CD83}.Ad-Hoc|x86.Deploy.0 = Release|x86
		{4ED4D8DF-4E89-4634-820A-15094EB7CD83}.AppStore|Any CPU.ActiveCfg = Release|Any CPU
		{4ED4D8DF-4E89-4634-820A-15094EB7CD83}.AppStore|Any CPU.Build.0 = Release|Any CPU
		{4ED4D8DF-4E89-4634-820A-15094EB7CD83}.AppStore|Any CPU.Deploy.0 = Release|Any CPU
		{4ED4D8DF-4E89-4634-820A-15094EB7CD83}.AppStore|ARM.ActiveCfg = Release|ARM
		{4ED4D8DF-4E89-4634-820A-15094EB7CD83}.AppStore|ARM.Build.0 = Release|ARM
		{4ED4D8DF-4E89-4634-820A-15094EB7CD83}.AppStore|ARM.Deploy.0 = Release|ARM
		{4ED4D8DF-4E89-4634-820A-15094EB7CD83}.AppStore|iPhone.ActiveCfg = Release|Any CPU
		{4ED4D8DF-4E89-4634-820A-15094EB7CD83}.AppStore|iPhoneSimulator.ActiveCfg = Release|Any CPU
		{4ED4D8DF-4E89-4634-820A-15094EB7CD83}.AppStore|Mixed Platforms.ActiveCfg = Release|x86
		{4ED4D8DF-4E89-4634-820A-15094EB7CD83}.AppStore|Mixed Platforms.Build.0 = Release|x86
		{4ED4D8DF-4E89-4634-820A-15094EB7CD83}.AppStore|Mixed Platforms.Deploy.0 = Release|x86
		{4ED4D8DF-4E89-4634-820A-15094EB7CD83}.AppStore|x86.ActiveCfg = Release|x86
		{4ED4D8DF-4E89-4634-820A-15094EB7CD83}.AppStore|x86.Build.0 = Release|x86
		{4ED4D8DF-4E89-4634-820A-15094EB7CD83}.AppStore|x86.Deploy.0 = Release|x86
		{4ED4D8DF-4E89-4634-820A-15094EB7CD83}.Debug|Any CPU.ActiveCfg = Debug|Any CPU
		{4ED4D8DF-4E89-4634-820A-15094EB7CD83}.Debug|Any CPU.Build.0 = Debug|Any CPU
		{4ED4D8DF-4E89-4634-820A-15094EB7CD83}.Debug|Any CPU.Deploy.0 = Debug|Any CPU
		{4ED4D8DF-4E89-4634-820A-15094EB7CD83}.Debug|ARM.ActiveCfg = Debug|ARM
		{4ED4D8DF-4E89-4634-820A-15094EB7CD83}.Debug|ARM.Build.0 = Debug|ARM
		{4ED4D8DF-4E89-4634-820A-15094EB7CD83}.Debug|ARM.Deploy.0 = Debug|ARM
		{4ED4D8DF-4E89-4634-820A-15094EB7CD83}.Debug|iPhone.ActiveCfg = Debug|Any CPU
		{4ED4D8DF-4E89-4634-820A-15094EB7CD83}.Debug|iPhoneSimulator.ActiveCfg = Debug|Any CPU
		{4ED4D8DF-4E89-4634-820A-15094EB7CD83}.Debug|Mixed Platforms.ActiveCfg = Debug|x86
		{4ED4D8DF-4E89-4634-820A-15094EB7CD83}.Debug|Mixed Platforms.Build.0 = Debug|x86
		{4ED4D8DF-4E89-4634-820A-15094EB7CD83}.Debug|Mixed Platforms.Deploy.0 = Debug|x86
		{4ED4D8DF-4E89-4634-820A-15094EB7CD83}.Debug|x86.ActiveCfg = Debug|x86
		{4ED4D8DF-4E89-4634-820A-15094EB7CD83}.Debug|x86.Build.0 = Debug|x86
		{4ED4D8DF-4E89-4634-820A-15094EB7CD83}.Debug|x86.Deploy.0 = Debug|x86
		{4ED4D8DF-4E89-4634-820A-15094EB7CD83}.Release|Any CPU.ActiveCfg = Release|Any CPU
		{4ED4D8DF-4E89-4634-820A-15094EB7CD83}.Release|Any CPU.Build.0 = Release|Any CPU
		{4ED4D8DF-4E89-4634-820A-15094EB7CD83}.Release|Any CPU.Deploy.0 = Release|Any CPU
		{4ED4D8DF-4E89-4634-820A-15094EB7CD83}.Release|ARM.ActiveCfg = Release|ARM
		{4ED4D8DF-4E89-4634-820A-15094EB7CD83}.Release|ARM.Build.0 = Release|ARM
		{4ED4D8DF-4E89-4634-820A-15094EB7CD83}.Release|ARM.Deploy.0 = Release|ARM
		{4ED4D8DF-4E89-4634-820A-15094EB7CD83}.Release|iPhone.ActiveCfg = Release|Any CPU
		{4ED4D8DF-4E89-4634-820A-15094EB7CD83}.Release|iPhoneSimulator.ActiveCfg = Release|Any CPU
		{4ED4D8DF-4E89-4634-820A-15094EB7CD83}.Release|Mixed Platforms.ActiveCfg = Release|x86
		{4ED4D8DF-4E89-4634-820A-15094EB7CD83}.Release|Mixed Platforms.Build.0 = Release|x86
		{4ED4D8DF-4E89-4634-820A-15094EB7CD83}.Release|Mixed Platforms.Deploy.0 = Release|x86
		{4ED4D8DF-4E89-4634-820A-15094EB7CD83}.Release|x86.ActiveCfg = Release|x86
		{4ED4D8DF-4E89-4634-820A-15094EB7CD83}.Release|x86.Build.0 = Release|x86
		{4ED4D8DF-4E89-4634-820A-15094EB7CD83}.Release|x86.Deploy.0 = Release|x86
	EndGlobalSection
	GlobalSection(SolutionProperties) = preSolution
		HideSolutionNode = FALSE
	EndGlobalSection
EndGlobal
